
Microsoft Visual Studio Solution File, Format Version 12.00
# Visual Studio Version 17
VisualStudioVersion = 17.8.34316.72
MinimumVisualStudioVersion = 10.0.40219.1
Project("{FAE04EC0-301F-11D3-BF4B-00C04F79EFBC}") = "Week13SQLDB", "Week13SQLDB\Week13SQLDB.csproj", "{3AC6613C-54C0-4BED-99DA-EFDA91CDBF12}"
EndProject
Global
	GlobalSection(SolutionConfigurationPlatforms) = preSolution
		Debug|Any CPU = Debug|Any CPU
		Release|Any CPU = Release|Any CPU
	EndGlobalSection
	GlobalSection(ProjectConfigurationPlatforms) = postSolution
		{3AC6613C-54C0-4BED-99DA-EFDA91CDBF12}.Debug|Any CPU.ActiveCfg = Debug|Any CPU
		{3AC6613C-54C0-4BED-99DA-EFDA91CDBF12}.Debug|Any CPU.Build.0 = Debug|Any CPU
		{3AC6613C-54C0-4BED-99DA-EFDA91CDBF12}.Release|Any CPU.ActiveCfg = Release|Any CPU
		{3AC6613C-54C0-4BED-99DA-EFDA91CDBF12}.Release|Any CPU.Build.0 = Release|Any CPU
	EndGlobalSection
	GlobalSection(SolutionProperties) = preSolution
		HideSolutionNode = FALSE
	EndGlobalSection
	GlobalSection(ExtensibilityGlobals) = postSolution
		SolutionGuid = {C658C0BB-A1FF-425C-A708-60324B746C37}
	EndGlobalSection
EndGlobal
